<Solution>
  <Folder Name="/src/">
    <Project Path="src/Spectrometre.Core/Spectrometre.Core.csproj" />
    <Project Path="src/Spectrometre.Host.Client/Spectrometre.Host.Client.csproj" />
    <Project Path="src/Spectrometre.Host/Spectrometre.Host.csproj" />
    <Project Path="src/Spectrometre.Modules.Admin/Spectrometre.Modules.Admin.csproj" />
    <Project Path="src/Spectrometre.Modules.Analytics/Spectrometre.Modules.Analytics.csproj" />
    <Project Path="src/Spectrometre.Modules.Coaching/Spectrometre.Modules.Coaching.csproj" />
    <Project Path="src/Spectrometre.Modules.Compatibilite/Spectrometre.Modules.Compatibilite.csproj" />
    <Project Path="src/Spectrometre.Modules.Entretien/Spectrometre.Modules.Entretien.csproj" />
    <Project Path="src/Spectrometre.Modules.GestionDuTemps/Spectrometre.Modules.GestionDuTemps.csproj" />
    <Project Path="src/Spectrometre.Modules.JeunesPrestataires/Spectrometre.Modules.JeunesPrestataires.csproj" />
    <Project Path="src/Spectrometre.Modules.Recrutement/Spectrometre.Modules.Recrutement.csproj" />
    <Project Path="src/Spectrometre.Modules.ProfilCandidat/Spectrometre.Modules.ProfilCandidat.csproj" />
    <Project Path="src/Spectrometre.Modules.ProfilCoach/Spectrometre.Modules.ProfilCoach.csproj" />
    <Project Path="src/Spectrometre.Modules.ProfilEntreprise/Spectrometre.Modules.ProfilEntreprise.csproj" />
    <Project Path="src/Spectrometre.Modules.SuiviEvolutif/Spectrometre.Modules.SuiviEvolutif.csproj" />
    <Project Path="src/Spectrometre.Modules.SuiviEmployes/Spectrometre.Modules.SuiviEmployes.csproj" />
    <Project Path="src/Spectrometre.Modules.Vivier/Spectrometre.Modules.Vivier.csproj" />
  </Folder>
  <Folder Name="/tests/">
    <Project Path="tests/Spectrometre.Concurrency.Tests/Spectrometre.Concurrency.Tests.csproj" />
  </Folder>
  <Folder Name="/tools/">
    <Project Path="tools/Spectrometre.AdminBootstrap/Spectrometre.AdminBootstrap.csproj" />
    <Project Path="tools/Spectrometre.BackfillJeunesGdt/Spectrometre.BackfillJeunesGdt.csproj" />
  </Folder>
</Solution>
