<Solution>
  <Folder Name="/src/">
    <Project Path="src/Spectrometre.Core/Spectrometre.Core.csproj" />
    <Project Path="src/Spectrometre.Host.Client/Spectrometre.Host.Client.csproj" />
    <Project Path="src/Spectrometre.Host/Spectrometre.Host.csproj" />
    <Project Path="src/Spectrometre.Modules.Analytics/Spectrometre.Modules.Analytics.csproj" />
    <Project Path="src/Spectrometre.Modules.Compatibilite/Spectrometre.Modules.Compatibilite.csproj" />
    <Project Path="src/Spectrometre.Modules.Entretien/Spectrometre.Modules.Entretien.csproj" />
    <Project Path="src/Spectrometre.Modules.PostesRecrutement/Spectrometre.Modules.PostesRecrutement.csproj" />
    <Project Path="src/Spectrometre.Modules.ProfilCandidat/Spectrometre.Modules.ProfilCandidat.csproj" />
    <Project Path="src/Spectrometre.Modules.ProfilEntreprise/Spectrometre.Modules.ProfilEntreprise.csproj" />
    <Project Path="src/Spectrometre.Modules.SuiviEvolutif/Spectrometre.Modules.SuiviEvolutif.csproj" />
    <Project Path="src/Spectrometre.Modules.Vivier/Spectrometre.Modules.Vivier.csproj" />
  </Folder>
  <Folder Name="/tests/">
    <Project Path="tests/Spectrometre.Concurrency.Tests/Spectrometre.Concurrency.Tests.csproj" />
  </Folder>
</Solution>
